
Microsoft Visual Studio Solution File, Format Version 12.00
# Visual Studio 2012
Project("{FAE04EC0-301F-11D3-BF4B-00C04F79EFBC}") = "Bug.Mono.20141025.AspNet.RegisterModule", "Bug.Mono.20141025.AspNet.RegisterModule\Bug.Mono.20141025.AspNet.RegisterModule.csproj", "{2A371931-84B3-4447-A89E-54CA8CF79B97}"
EndProject
Global
	GlobalSection(SolutionConfigurationPlatforms) = preSolution
		Debug|Any CPU = Debug|Any CPU
		Release|Any CPU = Release|Any CPU
	EndGlobalSection
	GlobalSection(ProjectConfigurationPlatforms) = postSolution
		{2A371931-84B3-4447-A89E-54CA8CF79B97}.Debug|Any CPU.ActiveCfg = Debug|Any CPU
		{2A371931-84B3-4447-A89E-54CA8CF79B97}.Debug|Any CPU.Build.0 = Debug|Any CPU
		{2A371931-84B3-4447-A89E-54CA8CF79B97}.Release|Any CPU.ActiveCfg = Release|Any CPU
		{2A371931-84B3-4447-A89E-54CA8CF79B97}.Release|Any CPU.Build.0 = Release|Any CPU
	EndGlobalSection
	GlobalSection(MonoDevelopProperties) = preSolution
		StartupItem = Bug.Mono.20141025.AspNet.RegisterModule\Bug.Mono.20141025.AspNet.RegisterModule.csproj
	EndGlobalSection
EndGlobal
